
Microsoft Visual Studio Solution File, Format Version 12.00
# Visual Studio Version 17
VisualStudioVersion = 17.4.33213.308
MinimumVisualStudioVersion = 10.0.40219.1
Project("{FAE04EC0-301F-11D3-BF4B-00C04F79EFBC}") = "favorieteComputerspel", "QuickDate\favorieteComputerspel.csproj", "{9E3EC65B-73C9-4CC3-9A0A-90DEF9E8813B}"
EndProject
Project("{FAE04EC0-301F-11D3-BF4B-00C04F79EFBC}") = "boodschappen", "boodschappen\boodschappen.csproj", "{5E50B485-89AC-4988-8526-4A42A8A3ABAC}"
EndProject
Project("{FAE04EC0-301F-11D3-BF4B-00C04F79EFBC}") = "calculator", "calculator\calculator.csproj", "{D52F4109-7307-4557-B4BE-40FA383D0628}"
EndProject
Project("{FAE04EC0-301F-11D3-BF4B-00C04F79EFBC}") = "guessGame", "guessGame\guessGame.csproj", "{DC4D5EE6-1F8E-4A55-859E-2E4EEA4500FC}"
EndProject
Project("{FAE04EC0-301F-11D3-BF4B-00C04F79EFBC}") = "fibonacci", "fibonacci\fibonacci.csproj", "{309C4E33-B3ED-4DA6-8270-0B42E049BB24}"
EndProject
Project("{FAE04EC0-301F-11D3-BF4B-00C04F79EFBC}") = "mobiel", "mobiel\mobiel.csproj", "{80E3600F-CC22-4B48-9367-74EBE74213F0}"
EndProject
Global
	GlobalSection(SolutionConfigurationPlatforms) = preSolution
		Debug|Any CPU = Debug|Any CPU
		Release|Any CPU = Release|Any CPU
	EndGlobalSection
	GlobalSection(ProjectConfigurationPlatforms) = postSolution
		{9E3EC65B-73C9-4CC3-9A0A-90DEF9E8813B}.Debug|Any CPU.ActiveCfg = Debug|Any CPU
		{9E3EC65B-73C9-4CC3-9A0A-90DEF9E8813B}.Debug|Any CPU.Build.0 = Debug|Any CPU
		{9E3EC65B-73C9-4CC3-9A0A-90DEF9E8813B}.Release|Any CPU.ActiveCfg = Release|Any CPU
		{9E3EC65B-73C9-4CC3-9A0A-90DEF9E8813B}.Release|Any CPU.Build.0 = Release|Any CPU
		{5E50B485-89AC-4988-8526-4A42A8A3ABAC}.Debug|Any CPU.ActiveCfg = Debug|Any CPU
		{5E50B485-89AC-4988-8526-4A42A8A3ABAC}.Debug|Any CPU.Build.0 = Debug|Any CPU
		{5E50B485-89AC-4988-8526-4A42A8A3ABAC}.Release|Any CPU.ActiveCfg = Release|Any CPU
		{5E50B485-89AC-4988-8526-4A42A8A3ABAC}.Release|Any CPU.Build.0 = Release|Any CPU
		{D52F4109-7307-4557-B4BE-40FA383D0628}.Debug|Any CPU.ActiveCfg = Debug|Any CPU
		{D52F4109-7307-4557-B4BE-40FA383D0628}.Debug|Any CPU.Build.0 = Debug|Any CPU
		{D52F4109-7307-4557-B4BE-40FA383D0628}.Release|Any CPU.ActiveCfg = Release|Any CPU
		{D52F4109-7307-4557-B4BE-40FA383D0628}.Release|Any CPU.Build.0 = Release|Any CPU
		{DC4D5EE6-1F8E-4A55-859E-2E4EEA4500FC}.Debug|Any CPU.ActiveCfg = Debug|Any CPU
		{DC4D5EE6-1F8E-4A55-859E-2E4EEA4500FC}.Debug|Any CPU.Build.0 = Debug|Any CPU
		{DC4D5EE6-1F8E-4A55-859E-2E4EEA4500FC}.Release|Any CPU.ActiveCfg = Release|Any CPU
		{DC4D5EE6-1F8E-4A55-859E-2E4EEA4500FC}.Release|Any CPU.Build.0 = Release|Any CPU
		{309C4E33-B3ED-4DA6-8270-0B42E049BB24}.Debug|Any CPU.ActiveCfg = Debug|Any CPU
		{309C4E33-B3ED-4DA6-8270-0B42E049BB24}.Debug|Any CPU.Build.0 = Debug|Any CPU
		{309C4E33-B3ED-4DA6-8270-0B42E049BB24}.Release|Any CPU.ActiveCfg = Release|Any CPU
		{309C4E33-B3ED-4DA6-8270-0B42E049BB24}.Release|Any CPU.Build.0 = Release|Any CPU
		{80E3600F-CC22-4B48-9367-74EBE74213F0}.Debug|Any CPU.ActiveCfg = Debug|Any CPU
		{80E3600F-CC22-4B48-9367-74EBE74213F0}.Debug|Any CPU.Build.0 = Debug|Any CPU
		{80E3600F-CC22-4B48-9367-74EBE74213F0}.Release|Any CPU.ActiveCfg = Release|Any CPU
		{80E3600F-CC22-4B48-9367-74EBE74213F0}.Release|Any CPU.Build.0 = Release|Any CPU
	EndGlobalSection
	GlobalSection(SolutionProperties) = preSolution
		HideSolutionNode = FALSE
	EndGlobalSection
	GlobalSection(ExtensibilityGlobals) = postSolution
		SolutionGuid = {6465AB81-9D20-4441-B128-D1F1F776B9FA}
	EndGlobalSection
EndGlobal
